{
  "lockfileVersion": 1,
  "configVersion": 1,
  "workspaces": {
    "": {
      "dependencies": {
        "koffi": "^2.9.0",
      },
    },
  },
  "packages": {
    "koffi": ["koffi@2.15.2", "", {}, "sha512-r9tjJLVRSOhCRWdVyQlF3/Ugzeg13jlzS4czS82MAgLff4W+BcYOW7g8Y62t9O5JYjYOLAjAovAZDNlDfZNu+g=="],
  }
}
